
Microsoft Visual Studio Solution File, Format Version 12.00
# Visual Studio Version 17
VisualStudioVersion = 17.2.32526.322
MinimumVisualStudioVersion = 10.0.40219.1
Project("{FAE04EC0-301F-11D3-BF4B-00C04F79EFBC}") = "BearsDenGames", "BearsDenGames.csproj", "{7E28D983-7BC2-4F14-A042-FC1F707EC279}"
EndProject
Global
	GlobalSection(SolutionConfigurationPlatforms) = preSolution
		Debug|Any CPU = Debug|Any CPU
		Release|Any CPU = Release|Any CPU
	EndGlobalSection
	GlobalSection(ProjectConfigurationPlatforms) = postSolution
		{7E28D983-7BC2-4F14-A042-FC1F707EC279}.Debug|Any CPU.ActiveCfg = Debug|Any CPU
		{7E28D983-7BC2-4F14-A042-FC1F707EC279}.Debug|Any CPU.Build.0 = Debug|Any CPU
		{7E28D983-7BC2-4F14-A042-FC1F707EC279}.Release|Any CPU.ActiveCfg = Release|Any CPU
		{7E28D983-7BC2-4F14-A042-FC1F707EC279}.Release|Any CPU.Build.0 = Release|Any CPU
	EndGlobalSection
	GlobalSection(SolutionProperties) = preSolution
		HideSolutionNode = FALSE
	EndGlobalSection
	GlobalSection(ExtensibilityGlobals) = postSolution
		SolutionGuid = {5FFB3166-D369-41B4-8420-1D794CB954D7}
	EndGlobalSection
EndGlobal
